// !$*UTF8*$!
{
	archiveVersion = 1;
	classes = {
	};
	objectVersion = 50;
	objects = {

/* Begin PBXBuildFile section */
		9BC81487222F3C8700B7A77F /* AppDelegate.swift in Sources */ = {isa = PBXBuildFile; fileRef = 9BC81486222F3C8700B7A77F /* AppDelegate.swift */; };
		9BC81489222F3C8700B7A77F /* FirstViewController.swift in Sources */ = {isa = PBXBuildFile; fileRef = 9BC81488222F3C8700B7A77F /* FirstViewController.swift */; };
		9BC8148C222F3C8700B7A77F /* Main.storyboard in Resources */ = {isa = PBXBuildFile; fileRef = 9BC8148A222F3C8700B7A77F /* Main.storyboard */; };
		9BC8148E222F3C8800B7A77F /* Assets.xcassets in Resources */ = {isa = PBXBuildFile; fileRef = 9BC8148D222F3C8800B7A77F /* Assets.xcassets */; };
		9BC81491222F3C8800B7A77F /* LaunchScreen.storyboard in Resources */ = {isa = PBXBuildFile; fileRef = 9BC8148F222F3C8800B7A77F /* LaunchScreen.storyboard */; };
		9BC8149C222F3C8800B7A77F /* Day2SampleTests.swift in Sources */ = {isa = PBXBuildFile; fileRef = 9BC8149B222F3C8800B7A77F /* Day2SampleTests.swift */; };
		9BC814A7222F3C8800B7A77F /* Day2SampleUITests.swift in Sources */ = {isa = PBXBuildFile; fileRef = 9BC814A6222F3C8800B7A77F /* Day2SampleUITests.swift */; };
		9BC814B5222F4FCA00B7A77F /* ImageViewController.swift in Sources */ = {isa = PBXBuildFile; fileRef = 9BC814B4222F4FCA00B7A77F /* ImageViewController.swift */; };
		9BC814B7222F51C100B7A77F /* gorilla.png in Resources */ = {isa = PBXBuildFile; fileRef = 9BC814B6222F51C100B7A77F /* gorilla.png */; };
		9BC814B9222F603500B7A77F /* LineViewController.swift in Sources */ = {isa = PBXBuildFile; fileRef = 9BC814B8222F603500B7A77F /* LineViewController.swift */; };
		9BC814BB222F624400B7A77F /* lion.png in Resources */ = {isa = PBXBuildFile; fileRef = 9BC814BA222F624400B7A77F /* lion.png */; };
/* End PBXBuildFile section */

/* Begin PBXContainerItemProxy section */
		9BC81498222F3C8800B7A77F /* PBXContainerItemProxy */ = {
			isa = PBXContainerItemProxy;
			containerPortal = 9BC8147B222F3C8700B7A77F /* Project object */;
			proxyType = 1;
			remoteGlobalIDString = 9BC81482222F3C8700B7A77F;
			remoteInfo = Day2Sample;
		};
		9BC814A3222F3C8800B7A77F /* PBXContainerItemProxy */ = {
			isa = PBXContainerItemProxy;
			containerPortal = 9BC8147B222F3C8700B7A77F /* Project object */;
			proxyType = 1;
			remoteGlobalIDString = 9BC81482222F3C8700B7A77F;
			remoteInfo = Day2Sample;
		};
/* End PBXContainerItemProxy section */

/* Begin PBXFileReference section */
		9BC81483222F3C8700B7A77F /* Day2Sample.app */ = {isa = PBXFileReference; explicitFileType = wrapper.application; includeInIndex = 0; path = Day2Sample.app; sourceTree = BUILT_PRODUCTS_DIR; };
		9BC81486222F3C8700B7A77F /* AppDelegate.swift */ = {isa = PBXFileReference; lastKnownFileType = sourcecode.swift; path = AppDelegate.swift; sourceTree = "<group>"; };
		9BC81488222F3C8700B7A77F /* FirstViewController.swift */ = {isa = PBXFileReference; lastKnownFileType = sourcecode.swift; path = FirstViewController.swift; sourceTree = "<group>"; };
		9BC8148B222F3C8700B7A77F /* Base */ = {isa = PBXFileReference; lastKnownFileType = file.storyboard; name = Base; path = Base.lproj/Main.storyboard; sourceTree = "<group>"; };
		9BC8148D222F3C8800B7A77F /* Assets.xcassets */ = {isa = PBXFileReference; lastKnownFileType = folder.assetcatalog; path = Assets.xcassets; sourceTree = "<group>"; };
		9BC81490222F3C8800B7A77F /* Base */ = {isa = PBXFileReference; lastKnownFileType = file.storyboard; name = Base; path = Base.lproj/LaunchScreen.storyboard; sourceTree = "<group>"; };
		9BC81492222F3C8800B7A77F /* Info.plist */ = {isa = PBXFileReference; lastKnownFileType = text.plist.xml; path = Info.plist; sourceTree = "<group>"; };
		9BC81497222F3C8800B7A77F /* Day2SampleTests.xctest */ = {isa = PBXFileReference; explicitFileType = wrapper.cfbundle; includeInIndex = 0; path = Day2SampleTests.xctest; sourceTree = BUILT_PRODUCTS_DIR; };
		9BC8149B222F3C8800B7A77F /* Day2SampleTests.swift */ = {isa = PBXFileReference; lastKnownFileType = sourcecode.swift; path = Day2SampleTests.swift; sourceTree = "<group>"; };
		9BC8149D222F3C8800B7A77F /* Info.plist */ = {isa = PBXFileReference; lastKnownFileType = text.plist.xml; path = Info.plist; sourceTree = "<group>"; };
		9BC814A2222F3C8800B7A77F /* Day2SampleUITests.xctest */ = {isa = PBXFileReference; explicitFileType = wrapper.cfbundle; includeInIndex = 0; path = Day2SampleUITests.xctest; sourceTree = BUILT_PRODUCTS_DIR; };
		9BC814A6222F3C8800B7A77F /* Day2SampleUITests.swift */ = {isa = PBXFileReference; lastKnownFileType = sourcecode.swift; path = Day2SampleUITests.swift; sourceTree = "<group>"; };
		9BC814A8222F3C8800B7A77F /* Info.plist */ = {isa = PBXFileReference; lastKnownFileType = text.plist.xml; path = Info.plist; sourceTree = "<group>"; };
		9BC814B4222F4FCA00B7A77F /* ImageViewController.swift */ = {isa = PBXFileReference; lastKnownFileType = sourcecode.swift; path = ImageViewController.swift; sourceTree = "<group>"; };
		9BC814B6222F51C100B7A77F /* gorilla.png */ = {isa = PBXFileReference; lastKnownFileType = image.png; path = gorilla.png; sourceTree = "<group>"; };
		9BC814B8222F603500B7A77F /* LineViewController.swift */ = {isa = PBXFileReference; lastKnownFileType = sourcecode.swift; path = LineViewController.swift; sourceTree = "<group>"; };
		9BC814BA222F624400B7A77F /* lion.png */ = {isa = PBXFileReference; lastKnownFileType = image.png; path = lion.png; sourceTree = "<group>"; };
/* End PBXFileReference section */

/* Begin PBXFrameworksBuildPhase section */
		9BC81480222F3C8700B7A77F /* Frameworks */ = {
			isa = PBXFrameworksBuildPhase;
			buildActionMask = 2147483647;
			files = (
			);
			runOnlyForDeploymentPostprocessing = 0;
		};
		9BC81494222F3C8800B7A77F /* Frameworks */ = {
			isa = PBXFrameworksBuildPhase;
			buildActionMask = 2147483647;
			files = (
			);
			runOnlyForDeploymentPostprocessing = 0;
		};
		9BC8149F222F3C8800B7A77F /* Frameworks */ = {
			isa = PBXFrameworksBuildPhase;
			buildActionMask = 2147483647;
			files = (
			);
			runOnlyForDeploymentPostprocessing = 0;
		};
/* End PBXFrameworksBuildPhase section */

/* Begin PBXGroup section */
		9BC8147A222F3C8700B7A77F = {
			isa = PBXGroup;
			children = (
				9BC81485222F3C8700B7A77F /* Day2Sample */,
				9BC8149A222F3C8800B7A77F /* Day2SampleTests */,
				9BC814A5222F3C8800B7A77F /* Day2SampleUITests */,
				9BC81484222F3C8700B7A77F /* Products */,
			);
			sourceTree = "<group>";
		};
		9BC81484222F3C8700B7A77F /* Products */ = {
			isa = PBXGroup;
			children = (
				9BC81483222F3C8700B7A77F /* Day2Sample.app */,
				9BC81497222F3C8800B7A77F /* Day2SampleTests.xctest */,
				9BC814A2222F3C8800B7A77F /* Day2SampleUITests.xctest */,
			);
			name = Products;
			sourceTree = "<group>";
		};
		9BC81485222F3C8700B7A77F /* Day2Sample */ = {
			isa = PBXGroup;
			children = (
				9BC81486222F3C8700B7A77F /* AppDelegate.swift */,
				9BC81488222F3C8700B7A77F /* FirstViewController.swift */,
				9BC8148A222F3C8700B7A77F /* Main.storyboard */,
				9BC8148D222F3C8800B7A77F /* Assets.xcassets */,
				9BC8148F222F3C8800B7A77F /* LaunchScreen.storyboard */,
				9BC814B6222F51C100B7A77F /* gorilla.png */,
				9BC814BA222F624400B7A77F /* lion.png */,
				9BC81492222F3C8800B7A77F /* Info.plist */,
				9BC814B4222F4FCA00B7A77F /* ImageViewController.swift */,
				9BC814B8222F603500B7A77F /* LineViewController.swift */,
			);
			path = Day2Sample;
			sourceTree = "<group>";
		};
		9BC8149A222F3C8800B7A77F /* Day2SampleTests */ = {
			isa = PBXGroup;
			children = (
				9BC8149B222F3C8800B7A77F /* Day2SampleTests.swift */,
				9BC8149D222F3C8800B7A77F /* Info.plist */,
			);
			path = Day2SampleTests;
			sourceTree = "<group>";
		};
		9BC814A5222F3C8800B7A77F /* Day2SampleUITests */ = {
			isa = PBXGroup;
			children = (
				9BC814A6222F3C8800B7A77F /* Day2SampleUITests.swift */,
				9BC814A8222F3C8800B7A77F /* Info.plist */,
			);
			path = Day2SampleUITests;
			sourceTree = "<group>";
		};
/* End PBXGroup section */

/* Begin PBXNativeTarget section */
		9BC81482222F3C8700B7A77F /* Day2Sample */ = {
			isa = PBXNativeTarget;
			buildConfigurationList = 9BC814AB222F3C8800B7A77F /* Build configuration list for PBXNativeTarget "Day2Sample" */;
			buildPhases = (
				9BC8147F222F3C8700B7A77F /* Sources */,
				9BC81480222F3C8700B7A77F /* Frameworks */,
				9BC81481222F3C8700B7A77F /* Resources */,
			);
			buildRules = (
			);
			dependencies = (
			);
			name = Day2Sample;
			productName = Day2Sample;
			productReference = 9BC81483222F3C8700B7A77F /* Day2Sample.app */;
			productType = "com.apple.product-type.application";
		};
		9BC81496222F3C8800B7A77F /* Day2SampleTests */ = {
			isa = PBXNativeTarget;
			buildConfigurationList = 9BC814AE222F3C8800B7A77F /* Build configuration list for PBXNativeTarget "Day2SampleTests" */;
			buildPhases = (
				9BC81493222F3C8800B7A77F /* Sources */,
				9BC81494222F3C8800B7A77F /* Frameworks */,
				9BC81495222F3C8800B7A77F /* Resources */,
			);
			buildRules = (
			);
			dependencies = (
				9BC81499222F3C8800B7A77F /* PBXTargetDependency */,
			);
			name = Day2SampleTests;
			productName = Day2SampleTests;
			productReference = 9BC81497222F3C8800B7A77F /* Day2SampleTests.xctest */;
			productType = "com.apple.product-type.bundle.unit-test";
		};
		9BC814A1222F3C8800B7A77F /* Day2SampleUITests */ = {
			isa = PBXNativeTarget;
			buildConfigurationList = 9BC814B1222F3C8800B7A77F /* Build configuration list for PBXNativeTarget "Day2SampleUITests" */;
			buildPhases = (
				9BC8149E222F3C8800B7A77F /* Sources */,
				9BC8149F222F3C8800B7A77F /* Frameworks */,
				9BC814A0222F3C8800B7A77F /* Resources */,
			);
			buildRules = (
			);
			dependencies = (
				9BC814A4222F3C8800B7A77F /* PBXTargetDependency */,
			);
			name = Day2SampleUITests;
			productName = Day2SampleUITests;
			productReference = 9BC814A2222F3C8800B7A77F /* Day2SampleUITests.xctest */;
			productType = "com.apple.product-type.bundle.ui-testing";
		};
/* End PBXNativeTarget section */

/* Begin PBXProject section */
		9BC8147B222F3C8700B7A77F /* Project object */ = {
			isa = PBXProject;
			attributes = {
				LastSwiftUpdateCheck = 1010;
				LastUpgradeCheck = 1010;
				ORGANIZATIONNAME = MacStudent;
				TargetAttributes = {
					9BC81482222F3C8700B7A77F = {
						CreatedOnToolsVersion = 10.1;
					};
					9BC81496222F3C8800B7A77F = {
						CreatedOnToolsVersion = 10.1;
						TestTargetID = 9BC81482222F3C8700B7A77F;
					};
					9BC814A1222F3C8800B7A77F = {
						CreatedOnToolsVersion = 10.1;
						TestTargetID = 9BC81482222F3C8700B7A77F;
					};
				};
			};
			buildConfigurationList = 9BC8147E222F3C8700B7A77F /* Build configuration list for PBXProject "Day2Sample" */;
			compatibilityVersion = "Xcode 9.3";
			developmentRegion = en;
			hasScannedForEncodings = 0;
			knownRegions = (
				en,
				Base,
			);
			mainGroup = 9BC8147A222F3C8700B7A77F;
			productRefGroup = 9BC81484222F3C8700B7A77F /* Products */;
			projectDirPath = "";
			projectRoot = "";
			targets = (
				9BC81482222F3C8700B7A77F /* Day2Sample */,
				9BC81496222F3C8800B7A77F /* Day2SampleTests */,
				9BC814A1222F3C8800B7A77F /* Day2SampleUITests */,
			);
		};
/* End PBXProject section */

/* Begin PBXResourcesBuildPhase section */
		9BC81481222F3C8700B7A77F /* Resources */ = {
			isa = PBXResourcesBuildPhase;
			buildActionMask = 2147483647;
			files = (
				9BC814B7222F51C100B7A77F /* gorilla.png in Resources */,
				9BC814BB222F624400B7A77F /* lion.png in Resources */,
				9BC81491222F3C8800B7A77F /* LaunchScreen.storyboard in Resources */,
				9BC8148E222F3C8800B7A77F /* Assets.xcassets in Resources */,
				9BC8148C222F3C8700B7A77F /* Main.storyboard in Resources */,
			);
			runOnlyForDeploymentPostprocessing = 0;
		};
		9BC81495222F3C8800B7A77F /* Resources */ = {
			isa = PBXResourcesBuildPhase;
			buildActionMask = 2147483647;
			files = (
			);
			runOnlyForDeploymentPostprocessing = 0;
		};
		9BC814A0222F3C8800B7A77F /* Resources */ = {
			isa = PBXResourcesBuildPhase;
			buildActionMask = 2147483647;
			files = (
			);
			runOnlyForDeploymentPostprocessing = 0;
		};
/* End PBXResourcesBuildPhase section */

/* Begin PBXSourcesBuildPhase section */
		9BC8147F222F3C8700B7A77F /* Sources */ = {
			isa = PBXSourcesBuildPhase;
			buildActionMask = 2147483647;
			files = (
				9BC81489222F3C8700B7A77F /* FirstViewController.swift in Sources */,
				9BC814B5222F4FCA00B7A77F /* ImageViewController.swift in Sources */,
				9BC814B9222F603500B7A77F /* LineViewController.swift in Sources */,
				9BC81487222F3C8700B7A77F /* AppDelegate.swift in Sources */,
			);
			runOnlyForDeploymentPostprocessing = 0;
		};
		9BC81493222F3C8800B7A77F /* Sources */ = {
			isa = PBXSourcesBuildPhase;
			buildActionMask = 2147483647;
			files = (
				9BC8149C222F3C8800B7A77F /* Day2SampleTests.swift in Sources */,
			);
			runOnlyForDeploymentPostprocessing = 0;
		};
		9BC8149E222F3C8800B7A77F /* Sources */ = {
			isa = PBXSourcesBuildPhase;
			buildActionMask = 2147483647;
			files = (
				9BC814A7222F3C8800B7A77F /* Day2SampleUITests.swift in Sources */,
			);
			runOnlyForDeploymentPostprocessing = 0;
		};
/* End PBXSourcesBuildPhase section */

/* Begin PBXTargetDependency section */
		9BC81499222F3C8800B7A77F /* PBXTargetDependency */ = {
			isa = PBXTargetDependency;
			target = 9BC81482222F3C8700B7A77F /* Day2Sample */;
			targetProxy = 9BC81498222F3C8800B7A77F /* PBXContainerItemProxy */;
		};
		9BC814A4222F3C8800B7A77F /* PBXTargetDependency */ = {
			isa = PBXTargetDependency;
			target = 9BC81482222F3C8700B7A77F /* Day2Sample */;
			targetProxy = 9BC814A3222F3C8800B7A77F /* PBXContainerItemProxy */;
		};
/* End PBXTargetDependency section */

/* Begin PBXVariantGroup section */
		9BC8148A222F3C8700B7A77F /* Main.storyboard */ = {
			isa = PBXVariantGroup;
			children = (
				9BC8148B222F3C8700B7A77F /* Base */,
			);
			name = Main.storyboard;
			sourceTree = "<group>";
		};
		9BC8148F222F3C8800B7A77F /* LaunchScreen.storyboard */ = {
			isa = PBXVariantGroup;
			children = (
				9BC81490222F3C8800B7A77F /* Base */,
			);
			name = LaunchScreen.storyboard;
			sourceTree = "<group>";
		};
/* End PBXVariantGroup section */

/* Begin XCBuildConfiguration section */
		9BC814A9222F3C8800B7A77F /* Debug */ = {
			isa = XCBuildConfiguration;
			buildSettings = {
				ALWAYS_SEARCH_USER_PATHS = NO;
				CLANG_ANALYZER_NONNULL = YES;
				CLANG_ANALYZER_NUMBER_OBJECT_CONVERSION = YES_AGGRESSIVE;
				CLANG_CXX_LANGUAGE_STANDARD = "gnu++14";
				CLANG_CXX_LIBRARY = "libc++";
				CLANG_ENABLE_MODULES = YES;
				CLANG_ENABLE_OBJC_ARC = YES;
				CLANG_ENABLE_OBJC_WEAK = YES;
				CLANG_WARN_BLOCK_CAPTURE_AUTORELEASING = YES;
				CLANG_WARN_BOOL_CONVERSION = YES;
				CLANG_WARN_COMMA = YES;
				CLANG_WARN_CONSTANT_CONVERSION = YES;
				CLANG_WARN_DEPRECATED_OBJC_IMPLEMENTATIONS = YES;
				CLANG_WARN_DIRECT_OBJC_ISA_USAGE = YES_ERROR;
				CLANG_WARN_DOCUMENTATION_COMMENTS = YES;
				CLANG_WARN_EMPTY_BODY = YES;
				CLANG_WARN_ENUM_CONVERSION = YES;
				CLANG_WARN_INFINITE_RECURSION = YES;
				CLANG_WARN_INT_CONVERSION = YES;
				CLANG_WARN_NON_LITERAL_NULL_CONVERSION = YES;
				CLANG_WARN_OBJC_IMPLICIT_RETAIN_SELF = YES;
				CLANG_WARN_OBJC_LITERAL_CONVERSION = YES;
				CLANG_WARN_OBJC_ROOT_CLASS = YES_ERROR;
				CLANG_WARN_RANGE_LOOP_ANALYSIS = YES;
				CLANG_WARN_STRICT_PROTOTYPES = YES;
				CLANG_WARN_SUSPICIOUS_MOVE = YES;
				CLANG_WARN_UNGUARDED_AVAILABILITY = YES_AGGRESSIVE;
				CLANG_WARN_UNREACHABLE_CODE = YES;
				CLANG_WARN__DUPLICATE_METHOD_MATCH = YES;
				CODE_SIGN_IDENTITY = "iPhone Developer";
				COPY_PHASE_STRIP = NO;
				DEBUG_INFORMATION_FORMAT = dwarf;
				ENABLE_STRICT_OBJC_MSGSEND = YES;
				ENABLE_TESTABILITY = YES;
				GCC_C_LANGUAGE_STANDARD = gnu11;
				GCC_DYNAMIC_NO_PIC = NO;
				GCC_NO_COMMON_BLOCKS = YES;
				GCC_OPTIMIZATION_LEVEL = 0;
				GCC_PREPROCESSOR_DEFINITIONS = (
					"DEBUG=1",
					"$(inherited)",
				);
				GCC_WARN_64_TO_32_BIT_CONVERSION = YES;
				GCC_WARN_ABOUT_RETURN_TYPE = YES_ERROR;
				GCC_WARN_UNDECLARED_SELECTOR = YES;
				GCC_WARN_UNINITIALIZED_AUTOS = YES_AGGRESSIVE;
				GCC_WARN_UNUSED_FUNCTION = YES;
				GCC_WARN_UNUSED_VARIABLE = YES;
				IPHONEOS_DEPLOYMENT_TARGET = 12.1;
				MTL_ENABLE_DEBUG_INFO = INCLUDE_SOURCE;
				MTL_FAST_MATH = YES;
				ONLY_ACTIVE_ARCH = YES;
				SDKROOT = iphoneos;
				SWIFT_ACTIVE_COMPILATION_CONDITIONS = DEBUG;
				SWIFT_OPTIMIZATION_LEVEL = "-Onone";
			};
			name = Debug;
		};
		9BC814AA222F3C8800B7A77F /* Release */ = {
			isa = XCBuildConfiguration;
			buildSettings = {
				ALWAYS_SEARCH_USER_PATHS = NO;
				CLANG_ANALYZER_NONNULL = YES;
				CLANG_ANALYZER_NUMBER_OBJECT_CONVERSION = YES_AGGRESSIVE;
				CLANG_CXX_LANGUAGE_STANDARD = "gnu++14";
				CLANG_CXX_LIBRARY = "libc++";
				CLANG_ENABLE_MODULES = YES;
				CLANG_ENABLE_OBJC_ARC = YES;
				CLANG_ENABLE_OBJC_WEAK = YES;
				CLANG_WARN_BLOCK_CAPTURE_AUTORELEASING = YES;
				CLANG_WARN_BOOL_CONVERSION = YES;
				CLANG_WARN_COMMA = YES;
				CLANG_WARN_CONSTANT_CONVERSION = YES;
				CLANG_WARN_DEPRECATED_OBJC_IMPLEMENTATIONS = YES;
				CLANG_WARN_DIRECT_OBJC_ISA_USAGE = YES_ERROR;
				CLANG_WARN_DOCUMENTATION_COMMENTS = YES;
				CLANG_WARN_EMPTY_BODY = YES;
				CLANG_WARN_ENUM_CONVERSION = YES;
				CLANG_WARN_INFINITE_RECURSION = YES;
				CLANG_WARN_INT_CONVERSION = YES;
				CLANG_WARN_NON_LITERAL_NULL_CONVERSION = YES;
				CLANG_WARN_OBJC_IMPLICIT_RETAIN_SELF = YES;
				CLANG_WARN_OBJC_LITERAL_CONVERSION = YES;
				CLANG_WARN_OBJC_ROOT_CLASS = YES_ERROR;
				CLANG_WARN_RANGE_LOOP_ANALYSIS = YES;
				CLANG_WARN_STRICT_PROTOTYPES = YES;
				CLANG_WARN_SUSPICIOUS_MOVE = YES;
				CLANG_WARN_UNGUARDED_AVAILABILITY = YES_AGGRESSIVE;
				CLANG_WARN_UNREACHABLE_CODE = YES;
				CLANG_WARN__DUPLICATE_METHOD_MATCH = YES;
				CODE_SIGN_IDENTITY = "iPhone Developer";
				COPY_PHASE_STRIP = NO;
				DEBUG_INFORMATION_FORMAT = "dwarf-with-dsym";
				ENABLE_NS_ASSERTIONS = NO;
				ENABLE_STRICT_OBJC_MSGSEND = YES;
				GCC_C_LANGUAGE_STANDARD = gnu11;
				GCC_NO_COMMON_BLOCKS = YES;
				GCC_WARN_64_TO_32_BIT_CONVERSION = YES;
				GCC_WARN_ABOUT_RETURN_TYPE = YES_ERROR;
				GCC_WARN_UNDECLARED_SELECTOR = YES;
				GCC_WARN_UNINITIALIZED_AUTOS = YES_AGGRESSIVE;
				GCC_WARN_UNUSED_FUNCTION = YES;
				GCC_WARN_UNUSED_VARIABLE = YES;
				IPHONEOS_DEPLOYMENT_TARGET = 12.1;
				MTL_ENABLE_DEBUG_INFO = NO;
				MTL_FAST_MATH = YES;
				SDKROOT = iphoneos;
				SWIFT_COMPILATION_MODE = wholemodule;
				SWIFT_OPTIMIZATION_LEVEL = "-O";
				VALIDATE_PRODUCT = YES;
			};
			name = Release;
		};
		9BC814AC222F3C8800B7A77F /* Debug */ = {
			isa = XCBuildConfiguration;
			buildSettings = {
				ASSETCATALOG_COMPILER_APPICON_NAME = AppIcon;
				CODE_SIGN_STYLE = Automatic;
				INFOPLIST_FILE = Day2Sample/Info.plist;
				LD_RUNPATH_SEARCH_PATHS = (
					"$(inherited)",
					"@executable_path/Frameworks",
				);
				PRODUCT_BUNDLE_IDENTIFIER = CestarCollege.Day2Sample;
				PRODUCT_NAME = "$(TARGET_NAME)";
				SWIFT_VERSION = 4.2;
				TARGETED_DEVICE_FAMILY = "1,2";
			};
			name = Debug;
		};
		9BC814AD222F3C8800B7A77F /* Release */ = {
			isa = XCBuildConfiguration;
			buildSettings = {
				ASSETCATALOG_COMPILER_APPICON_NAME = AppIcon;
				CODE_SIGN_STYLE = Automatic;
				INFOPLIST_FILE = Day2Sample/Info.plist;
				LD_RUNPATH_SEARCH_PATHS = (
					"$(inherited)",
					"@executable_path/Frameworks",
				);
				PRODUCT_BUNDLE_IDENTIFIER = CestarCollege.Day2Sample;
				PRODUCT_NAME = "$(TARGET_NAME)";
				SWIFT_VERSION = 4.2;
				TARGETED_DEVICE_FAMILY = "1,2";
			};
			name = Release;
		};
		9BC814AF222F3C8800B7A77F /* Debug */ = {
			isa = XCBuildConfiguration;
			buildSettings = {
				ALWAYS_EMBED_SWIFT_STANDARD_LIBRARIES = YES;
				BUNDLE_LOADER = "$(TEST_HOST)";
				CODE_SIGN_STYLE = Automatic;
				INFOPLIST_FILE = Day2SampleTests/Info.plist;
				LD_RUNPATH_SEARCH_PATHS = (
					"$(inherited)",
					"@executable_path/Frameworks",
					"@loader_path/Frameworks",
				);
				PRODUCT_BUNDLE_IDENTIFIER = CestarCollege.Day2SampleTests;
				PRODUCT_NAME = "$(TARGET_NAME)";
				SWIFT_VERSION = 4.2;
				TARGETED_DEVICE_FAMILY = "1,2";
				TEST_HOST = "$(BUILT_PRODUCTS_DIR)/Day2Sample.app/Day2Sample";
			};
			name = Debug;
		};
		9BC814B0222F3C8800B7A77F /* Release */ = {
			isa = XCBuildConfiguration;
			buildSettings = {
				ALWAYS_EMBED_SWIFT_STANDARD_LIBRARIES = YES;
				BUNDLE_LOADER = "$(TEST_HOST)";
				CODE_SIGN_STYLE = Automatic;
				INFOPLIST_FILE = Day2SampleTests/Info.plist;
				LD_RUNPATH_SEARCH_PATHS = (
					"$(inherited)",
					"@executable_path/Frameworks",
					"@loader_path/Frameworks",
				);
				PRODUCT_BUNDLE_IDENTIFIER = CestarCollege.Day2SampleTests;
				PRODUCT_NAME = "$(TARGET_NAME)";
				SWIFT_VERSION = 4.2;
				TARGETED_DEVICE_FAMILY = "1,2";
				TEST_HOST = "$(BUILT_PRODUCTS_DIR)/Day2Sample.app/Day2Sample";
			};
			name = Release;
		};
		9BC814B2222F3C8800B7A77F /* Debug */ = {
			isa = XCBuildConfiguration;
			buildSettings = {
				ALWAYS_EMBED_SWIFT_STANDARD_LIBRARIES = YES;
				CODE_SIGN_STYLE = Automatic;
				INFOPLIST_FILE = Day2SampleUITests/Info.plist;
				LD_RUNPATH_SEARCH_PATHS = (
					"$(inherited)",
					"@executable_path/Frameworks",
					"@loader_path/Frameworks",
				);
				PRODUCT_BUNDLE_IDENTIFIER = CestarCollege.Day2SampleUITests;
				PRODUCT_NAME = "$(TARGET_NAME)";
				SWIFT_VERSION = 4.2;
				TARGETED_DEVICE_FAMILY = "1,2";
				TEST_TARGET_NAME = Day2Sample;
			};
			name = Debug;
		};
		9BC814B3222F3C8800B7A77F /* Release */ = {
			isa = XCBuildConfiguration;
			buildSettings = {
				ALWAYS_EMBED_SWIFT_STANDARD_LIBRARIES = YES;
				CODE_SIGN_STYLE = Automatic;
				INFOPLIST_FILE = Day2SampleUITests/Info.plist;
				LD_RUNPATH_SEARCH_PATHS = (
					"$(inherited)",
					"@executable_path/Frameworks",
					"@loader_path/Frameworks",
				);
				PRODUCT_BUNDLE_IDENTIFIER = CestarCollege.Day2SampleUITests;
				PRODUCT_NAME = "$(TARGET_NAME)";
				SWIFT_VERSION = 4.2;
				TARGETED_DEVICE_FAMILY = "1,2";
				TEST_TARGET_NAME = Day2Sample;
			};
			name = Release;
		};
/* End XCBuildConfiguration section */

/* Begin XCConfigurationList section */
		9BC8147E222F3C8700B7A77F /* Build configuration list for PBXProject "Day2Sample" */ = {
			isa = XCConfigurationList;
			buildConfigurations = (
				9BC814A9222F3C8800B7A77F /* Debug */,
				9BC814AA222F3C8800B7A77F /* Release */,
			);
			defaultConfigurationIsVisible = 0;
			defaultConfigurationName = Release;
		};
		9BC814AB222F3C8800B7A77F /* Build configuration list for PBXNativeTarget "Day2Sample" */ = {
			isa = XCConfigurationList;
			buildConfigurations = (
				9BC814AC222F3C8800B7A77F /* Debug */,
				9BC814AD222F3C8800B7A77F /* Release */,
			);
			defaultConfigurationIsVisible = 0;
			defaultConfigurationName = Release;
		};
		9BC814AE222F3C8800B7A77F /* Build configuration list for PBXNativeTarget "Day2SampleTests" */ = {
			isa = XCConfigurationList;
			buildConfigurations = (
				9BC814AF222F3C8800B7A77F /* Debug */,
				9BC814B0222F3C8800B7A77F /* Release */,
			);
			defaultConfigurationIsVisible = 0;
			defaultConfigurationName = Release;
		};
		9BC814B1222F3C8800B7A77F /* Build configuration list for PBXNativeTarget "Day2SampleUITests" */ = {
			isa = XCConfigurationList;
			buildConfigurations = (
				9BC814B2222F3C8800B7A77F /* Debug */,
				9BC814B3222F3C8800B7A77F /* Release */,
			);
			defaultConfigurationIsVisible = 0;
			defaultConfigurationName = Release;
		};
/* End XCConfigurationList section */
	};
	rootObject = 9BC8147B222F3C8700B7A77F /* Project object */;
}
